
Microsoft Visual Studio Solution File, Format Version 12.00
# Visual Studio Version 17
VisualStudioVersion = 17.11.35327.3
MinimumVisualStudioVersion = 10.0.40219.1
Project("{FAE04EC0-301F-11D3-BF4B-00C04F79EFBC}") = "Calc", "Calc\Calc.csproj", "{4D3347F6-BB0C-4B26-8D5B-DCB7CD77888D}"
EndProject
Global
	GlobalSection(SolutionConfigurationPlatforms) = preSolution
		Debug|Any CPU = Debug|Any CPU
		Release|Any CPU = Release|Any CPU
	EndGlobalSection
	GlobalSection(ProjectConfigurationPlatforms) = postSolution
		{4D3347F6-BB0C-4B26-8D5B-DCB7CD77888D}.Debug|Any CPU.ActiveCfg = Debug|Any CPU
		{4D3347F6-BB0C-4B26-8D5B-DCB7CD77888D}.Debug|Any CPU.Build.0 = Debug|Any CPU
		{4D3347F6-BB0C-4B26-8D5B-DCB7CD77888D}.Release|Any CPU.ActiveCfg = Release|Any CPU
		{4D3347F6-BB0C-4B26-8D5B-DCB7CD77888D}.Release|Any CPU.Build.0 = Release|Any CPU
	EndGlobalSection
	GlobalSection(SolutionProperties) = preSolution
		HideSolutionNode = FALSE
	EndGlobalSection
	GlobalSection(ExtensibilityGlobals) = postSolution
		SolutionGuid = {2166AE24-FBC3-46F0-B604-FB2C98D211FC}
	EndGlobalSection
EndGlobal
