
Microsoft Visual Studio Solution File, Format Version 12.00
# Visual Studio Version 17
VisualStudioVersion = 17.11.35327.3
MinimumVisualStudioVersion = 10.0.40219.1
Project("{FAE04EC0-301F-11D3-BF4B-00C04F79EFBC}") = "TextEditor", "TextEditor\TextEditor.csproj", "{97CFA50B-1B5C-4AC1-8506-F7FC44C3D0DC}"
EndProject
Global
	GlobalSection(SolutionConfigurationPlatforms) = preSolution
		Debug|Any CPU = Debug|Any CPU
		Release|Any CPU = Release|Any CPU
	EndGlobalSection
	GlobalSection(ProjectConfigurationPlatforms) = postSolution
		{97CFA50B-1B5C-4AC1-8506-F7FC44C3D0DC}.Debug|Any CPU.ActiveCfg = Debug|Any CPU
		{97CFA50B-1B5C-4AC1-8506-F7FC44C3D0DC}.Debug|Any CPU.Build.0 = Debug|Any CPU
		{97CFA50B-1B5C-4AC1-8506-F7FC44C3D0DC}.Release|Any CPU.ActiveCfg = Release|Any CPU
		{97CFA50B-1B5C-4AC1-8506-F7FC44C3D0DC}.Release|Any CPU.Build.0 = Release|Any CPU
	EndGlobalSection
	GlobalSection(SolutionProperties) = preSolution
		HideSolutionNode = FALSE
	EndGlobalSection
	GlobalSection(ExtensibilityGlobals) = postSolution
		SolutionGuid = {D04B649B-1D6D-4B0D-8EDC-7D22BFC90A9A}
	EndGlobalSection
EndGlobal
