
Microsoft Visual Studio Solution File, Format Version 12.00
# Visual Studio Version 17
VisualStudioVersion = 17.14.36212.18 d17.14
MinimumVisualStudioVersion = 10.0.40219.1
Project("{FAE04EC0-301F-11D3-BF4B-00C04F79EFBC}") = "CreatePdf2", "CreatePdf2\CreatePdf2.csproj", "{0A513F14-75CF-46CF-977B-83A84F2031A4}"
EndProject
Global
	GlobalSection(SolutionConfigurationPlatforms) = preSolution
		Debug|Any CPU = Debug|Any CPU
		Release|Any CPU = Release|Any CPU
	EndGlobalSection
	GlobalSection(ProjectConfigurationPlatforms) = postSolution
		{0A513F14-75CF-46CF-977B-83A84F2031A4}.Debug|Any CPU.ActiveCfg = Debug|Any CPU
		{0A513F14-75CF-46CF-977B-83A84F2031A4}.Debug|Any CPU.Build.0 = Debug|Any CPU
		{0A513F14-75CF-46CF-977B-83A84F2031A4}.Release|Any CPU.ActiveCfg = Release|Any CPU
		{0A513F14-75CF-46CF-977B-83A84F2031A4}.Release|Any CPU.Build.0 = Release|Any CPU
	EndGlobalSection
	GlobalSection(SolutionProperties) = preSolution
		HideSolutionNode = FALSE
	EndGlobalSection
	GlobalSection(ExtensibilityGlobals) = postSolution
		SolutionGuid = {08FEC909-8EBF-4BAE-A7C2-BABBC407D3F2}
	EndGlobalSection
EndGlobal
