
Microsoft Visual Studio Solution File, Format Version 12.00
# Visual Studio Version 17
VisualStudioVersion = 17.13.35931.197 d17.13
MinimumVisualStudioVersion = 10.0.40219.1
Project("{FAE04EC0-301F-11D3-BF4B-00C04F79EFBC}") = "CreateJPG", "CreateJPG\CreateJPG.csproj", "{974A9640-FBEA-4BCD-B32C-77C5235B46BF}"
EndProject
Global
	GlobalSection(SolutionConfigurationPlatforms) = preSolution
		Debug|Any CPU = Debug|Any CPU
		Release|Any CPU = Release|Any CPU
	EndGlobalSection
	GlobalSection(ProjectConfigurationPlatforms) = postSolution
		{974A9640-FBEA-4BCD-B32C-77C5235B46BF}.Debug|Any CPU.ActiveCfg = Debug|Any CPU
		{974A9640-FBEA-4BCD-B32C-77C5235B46BF}.Debug|Any CPU.Build.0 = Debug|Any CPU
		{974A9640-FBEA-4BCD-B32C-77C5235B46BF}.Release|Any CPU.ActiveCfg = Release|Any CPU
		{974A9640-FBEA-4BCD-B32C-77C5235B46BF}.Release|Any CPU.Build.0 = Release|Any CPU
	EndGlobalSection
	GlobalSection(SolutionProperties) = preSolution
		HideSolutionNode = FALSE
	EndGlobalSection
	GlobalSection(ExtensibilityGlobals) = postSolution
		SolutionGuid = {D24218B9-0AF0-43FB-AC69-4F99451F2AEE}
	EndGlobalSection
EndGlobal
