
Microsoft Visual Studio Solution File, Format Version 12.00
# Visual Studio Version 17
VisualStudioVersion = 17.11.35327.3
MinimumVisualStudioVersion = 10.0.40219.1
Project("{FAE04EC0-301F-11D3-BF4B-00C04F79EFBC}") = "MouseHover", "MouseHover\MouseHover.csproj", "{D71368B6-AC29-4401-B182-CB32A36B9D03}"
EndProject
Global
	GlobalSection(SolutionConfigurationPlatforms) = preSolution
		Debug|Any CPU = Debug|Any CPU
		Release|Any CPU = Release|Any CPU
	EndGlobalSection
	GlobalSection(ProjectConfigurationPlatforms) = postSolution
		{D71368B6-AC29-4401-B182-CB32A36B9D03}.Debug|Any CPU.ActiveCfg = Debug|Any CPU
		{D71368B6-AC29-4401-B182-CB32A36B9D03}.Debug|Any CPU.Build.0 = Debug|Any CPU
		{D71368B6-AC29-4401-B182-CB32A36B9D03}.Release|Any CPU.ActiveCfg = Release|Any CPU
		{D71368B6-AC29-4401-B182-CB32A36B9D03}.Release|Any CPU.Build.0 = Release|Any CPU
	EndGlobalSection
	GlobalSection(SolutionProperties) = preSolution
		HideSolutionNode = FALSE
	EndGlobalSection
	GlobalSection(ExtensibilityGlobals) = postSolution
		SolutionGuid = {3939304C-3244-41EF-BA95-B959491D65BF}
	EndGlobalSection
EndGlobal
