
Microsoft Visual Studio Solution File, Format Version 12.00
# Visual Studio Version 17
VisualStudioVersion = 17.11.35327.3
MinimumVisualStudioVersion = 10.0.40219.1
Project("{FAE04EC0-301F-11D3-BF4B-00C04F79EFBC}") = "CallButton", "CallButton\CallButton.csproj", "{2B534D57-8CC6-4AC3-A213-46BC2C282D8A}"
EndProject
Global
	GlobalSection(SolutionConfigurationPlatforms) = preSolution
		Debug|Any CPU = Debug|Any CPU
		Release|Any CPU = Release|Any CPU
	EndGlobalSection
	GlobalSection(ProjectConfigurationPlatforms) = postSolution
		{2B534D57-8CC6-4AC3-A213-46BC2C282D8A}.Debug|Any CPU.ActiveCfg = Debug|Any CPU
		{2B534D57-8CC6-4AC3-A213-46BC2C282D8A}.Debug|Any CPU.Build.0 = Debug|Any CPU
		{2B534D57-8CC6-4AC3-A213-46BC2C282D8A}.Release|Any CPU.ActiveCfg = Release|Any CPU
		{2B534D57-8CC6-4AC3-A213-46BC2C282D8A}.Release|Any CPU.Build.0 = Release|Any CPU
	EndGlobalSection
	GlobalSection(SolutionProperties) = preSolution
		HideSolutionNode = FALSE
	EndGlobalSection
	GlobalSection(ExtensibilityGlobals) = postSolution
		SolutionGuid = {DFA37E42-6C7A-4C9A-9DEE-3AD7F0FA791D}
	EndGlobalSection
EndGlobal
