
Microsoft Visual Studio Solution File, Format Version 12.00
# Visual Studio Version 17
VisualStudioVersion = 17.11.35327.3
MinimumVisualStudioVersion = 10.0.40219.1
Project("{FAE04EC0-301F-11D3-BF4B-00C04F79EFBC}") = "ChoiceOfColor2", "ChoiceOfColor2\ChoiceOfColor2.csproj", "{0991A58E-6F26-42CF-8122-07E9ED95401A}"
EndProject
Global
	GlobalSection(SolutionConfigurationPlatforms) = preSolution
		Debug|Any CPU = Debug|Any CPU
		Release|Any CPU = Release|Any CPU
	EndGlobalSection
	GlobalSection(ProjectConfigurationPlatforms) = postSolution
		{0991A58E-6F26-42CF-8122-07E9ED95401A}.Debug|Any CPU.ActiveCfg = Debug|Any CPU
		{0991A58E-6F26-42CF-8122-07E9ED95401A}.Debug|Any CPU.Build.0 = Debug|Any CPU
		{0991A58E-6F26-42CF-8122-07E9ED95401A}.Release|Any CPU.ActiveCfg = Release|Any CPU
		{0991A58E-6F26-42CF-8122-07E9ED95401A}.Release|Any CPU.Build.0 = Release|Any CPU
	EndGlobalSection
	GlobalSection(SolutionProperties) = preSolution
		HideSolutionNode = FALSE
	EndGlobalSection
	GlobalSection(ExtensibilityGlobals) = postSolution
		SolutionGuid = {F40E4EC0-BE09-42D9-B118-A2A3652D06B3}
	EndGlobalSection
EndGlobal
