
Microsoft Visual Studio Solution File, Format Version 12.00
# Visual Studio Version 17
VisualStudioVersion = 17.11.35327.3
MinimumVisualStudioVersion = 10.0.40219.1
Project("{FAE04EC0-301F-11D3-BF4B-00C04F79EFBC}") = "KeyboardEvents", "KeyboardEvents\KeyboardEvents.csproj", "{64154E84-0E7D-4930-AD66-864874FEB89F}"
EndProject
Global
	GlobalSection(SolutionConfigurationPlatforms) = preSolution
		Debug|Any CPU = Debug|Any CPU
		Release|Any CPU = Release|Any CPU
	EndGlobalSection
	GlobalSection(ProjectConfigurationPlatforms) = postSolution
		{64154E84-0E7D-4930-AD66-864874FEB89F}.Debug|Any CPU.ActiveCfg = Debug|Any CPU
		{64154E84-0E7D-4930-AD66-864874FEB89F}.Debug|Any CPU.Build.0 = Debug|Any CPU
		{64154E84-0E7D-4930-AD66-864874FEB89F}.Release|Any CPU.ActiveCfg = Release|Any CPU
		{64154E84-0E7D-4930-AD66-864874FEB89F}.Release|Any CPU.Build.0 = Release|Any CPU
	EndGlobalSection
	GlobalSection(SolutionProperties) = preSolution
		HideSolutionNode = FALSE
	EndGlobalSection
	GlobalSection(ExtensibilityGlobals) = postSolution
		SolutionGuid = {235FD723-2C98-444B-AB1D-566A6355D178}
	EndGlobalSection
EndGlobal
