
Microsoft Visual Studio Solution File, Format Version 12.00
# Visual Studio Version 17
VisualStudioVersion = 17.14.36518.9 d17.14
MinimumVisualStudioVersion = 10.0.40219.1
Project("{FAE04EC0-301F-11D3-BF4B-00C04F79EFBC}") = "CreatePDFTable", "CreatePDFTable\CreatePDFTable.csproj", "{7E64E194-3D5B-4801-8E66-F9F1F91A2822}"
EndProject
Global
	GlobalSection(SolutionConfigurationPlatforms) = preSolution
		Debug|Any CPU = Debug|Any CPU
		Release|Any CPU = Release|Any CPU
	EndGlobalSection
	GlobalSection(ProjectConfigurationPlatforms) = postSolution
		{7E64E194-3D5B-4801-8E66-F9F1F91A2822}.Debug|Any CPU.ActiveCfg = Debug|Any CPU
		{7E64E194-3D5B-4801-8E66-F9F1F91A2822}.Debug|Any CPU.Build.0 = Debug|Any CPU
		{7E64E194-3D5B-4801-8E66-F9F1F91A2822}.Release|Any CPU.ActiveCfg = Release|Any CPU
		{7E64E194-3D5B-4801-8E66-F9F1F91A2822}.Release|Any CPU.Build.0 = Release|Any CPU
	EndGlobalSection
	GlobalSection(SolutionProperties) = preSolution
		HideSolutionNode = FALSE
	EndGlobalSection
	GlobalSection(ExtensibilityGlobals) = postSolution
		SolutionGuid = {3F5250EF-98CE-48EE-BE4B-40B001486123}
	EndGlobalSection
EndGlobal
