
Microsoft Visual Studio Solution File, Format Version 12.00
# Visual Studio Version 17
VisualStudioVersion = 17.11.35327.3
MinimumVisualStudioVersion = 10.0.40219.1
Project("{FAE04EC0-301F-11D3-BF4B-00C04F79EFBC}") = "TxtPrint", "TxtPrint\TxtPrint.csproj", "{59F884AF-1737-4976-81EF-9FB07B3FBAEB}"
EndProject
Global
	GlobalSection(SolutionConfigurationPlatforms) = preSolution
		Debug|Any CPU = Debug|Any CPU
		Release|Any CPU = Release|Any CPU
	EndGlobalSection
	GlobalSection(ProjectConfigurationPlatforms) = postSolution
		{59F884AF-1737-4976-81EF-9FB07B3FBAEB}.Debug|Any CPU.ActiveCfg = Debug|Any CPU
		{59F884AF-1737-4976-81EF-9FB07B3FBAEB}.Debug|Any CPU.Build.0 = Debug|Any CPU
		{59F884AF-1737-4976-81EF-9FB07B3FBAEB}.Release|Any CPU.ActiveCfg = Release|Any CPU
		{59F884AF-1737-4976-81EF-9FB07B3FBAEB}.Release|Any CPU.Build.0 = Release|Any CPU
	EndGlobalSection
	GlobalSection(SolutionProperties) = preSolution
		HideSolutionNode = FALSE
	EndGlobalSection
	GlobalSection(ExtensibilityGlobals) = postSolution
		SolutionGuid = {583C7181-7548-496B-9893-2B18CF0A27B4}
	EndGlobalSection
EndGlobal
