
Microsoft Visual Studio Solution File, Format Version 12.00
# Visual Studio Version 17
VisualStudioVersion = 17.11.35327.3
MinimumVisualStudioVersion = 10.0.40219.1
Project("{FAE04EC0-301F-11D3-BF4B-00C04F79EFBC}") = "Root", "Root\Root.csproj", "{68626859-E123-4667-B86C-AFDA87E39F85}"
EndProject
Global
	GlobalSection(SolutionConfigurationPlatforms) = preSolution
		Debug|Any CPU = Debug|Any CPU
		Release|Any CPU = Release|Any CPU
	EndGlobalSection
	GlobalSection(ProjectConfigurationPlatforms) = postSolution
		{68626859-E123-4667-B86C-AFDA87E39F85}.Debug|Any CPU.ActiveCfg = Debug|Any CPU
		{68626859-E123-4667-B86C-AFDA87E39F85}.Debug|Any CPU.Build.0 = Debug|Any CPU
		{68626859-E123-4667-B86C-AFDA87E39F85}.Release|Any CPU.ActiveCfg = Release|Any CPU
		{68626859-E123-4667-B86C-AFDA87E39F85}.Release|Any CPU.Build.0 = Release|Any CPU
	EndGlobalSection
	GlobalSection(SolutionProperties) = preSolution
		HideSolutionNode = FALSE
	EndGlobalSection
	GlobalSection(ExtensibilityGlobals) = postSolution
		SolutionGuid = {8794384C-D020-4BDC-91CB-D32A0FA42816}
	EndGlobalSection
EndGlobal
