
Microsoft Visual Studio Solution File, Format Version 12.00
# Visual Studio Version 17
VisualStudioVersion = 17.13.35931.197 d17.13
MinimumVisualStudioVersion = 10.0.40219.1
Project("{FAE04EC0-301F-11D3-BF4B-00C04F79EFBC}") = "ClipboardSaveBMP", "ClipboardSaveBMP\ClipboardSaveBMP.csproj", "{C0B6F08A-6019-4891-83E9-852D99C2AAC3}"
EndProject
Global
	GlobalSection(SolutionConfigurationPlatforms) = preSolution
		Debug|Any CPU = Debug|Any CPU
		Release|Any CPU = Release|Any CPU
	EndGlobalSection
	GlobalSection(ProjectConfigurationPlatforms) = postSolution
		{C0B6F08A-6019-4891-83E9-852D99C2AAC3}.Debug|Any CPU.ActiveCfg = Debug|Any CPU
		{C0B6F08A-6019-4891-83E9-852D99C2AAC3}.Debug|Any CPU.Build.0 = Debug|Any CPU
		{C0B6F08A-6019-4891-83E9-852D99C2AAC3}.Release|Any CPU.ActiveCfg = Release|Any CPU
		{C0B6F08A-6019-4891-83E9-852D99C2AAC3}.Release|Any CPU.Build.0 = Release|Any CPU
	EndGlobalSection
	GlobalSection(SolutionProperties) = preSolution
		HideSolutionNode = FALSE
	EndGlobalSection
	GlobalSection(ExtensibilityGlobals) = postSolution
		SolutionGuid = {A0CC916A-A418-4041-8172-3D81A9306CC1}
	EndGlobalSection
EndGlobal
