
Microsoft Visual Studio Solution File, Format Version 12.00
# Visual Studio Version 17
VisualStudioVersion = 17.11.35327.3
MinimumVisualStudioVersion = 10.0.40219.1
Project("{FAE04EC0-301F-11D3-BF4B-00C04F79EFBC}") = "Passport", "Passport\Passport.csproj", "{2683EE76-5622-4CF6-8BA3-B21BBE2C355F}"
EndProject
Global
	GlobalSection(SolutionConfigurationPlatforms) = preSolution
		Debug|Any CPU = Debug|Any CPU
		Release|Any CPU = Release|Any CPU
	EndGlobalSection
	GlobalSection(ProjectConfigurationPlatforms) = postSolution
		{2683EE76-5622-4CF6-8BA3-B21BBE2C355F}.Debug|Any CPU.ActiveCfg = Debug|Any CPU
		{2683EE76-5622-4CF6-8BA3-B21BBE2C355F}.Debug|Any CPU.Build.0 = Debug|Any CPU
		{2683EE76-5622-4CF6-8BA3-B21BBE2C355F}.Release|Any CPU.ActiveCfg = Release|Any CPU
		{2683EE76-5622-4CF6-8BA3-B21BBE2C355F}.Release|Any CPU.Build.0 = Release|Any CPU
	EndGlobalSection
	GlobalSection(SolutionProperties) = preSolution
		HideSolutionNode = FALSE
	EndGlobalSection
	GlobalSection(ExtensibilityGlobals) = postSolution
		SolutionGuid = {64A63DCD-524A-4C35-9B9F-98020DBEA9FE}
	EndGlobalSection
EndGlobal
