
Microsoft Visual Studio Solution File, Format Version 12.00
# Visual Studio Version 17
VisualStudioVersion = 17.11.35327.3
MinimumVisualStudioVersion = 10.0.40219.1
Project("{FAE04EC0-301F-11D3-BF4B-00C04F79EFBC}") = "SimpleImage1", "SimpleImage1\SimpleImage1.csproj", "{14B79446-46DE-4D80-9942-E7906F281579}"
EndProject
Global
	GlobalSection(SolutionConfigurationPlatforms) = preSolution
		Debug|Any CPU = Debug|Any CPU
		Release|Any CPU = Release|Any CPU
	EndGlobalSection
	GlobalSection(ProjectConfigurationPlatforms) = postSolution
		{14B79446-46DE-4D80-9942-E7906F281579}.Debug|Any CPU.ActiveCfg = Debug|Any CPU
		{14B79446-46DE-4D80-9942-E7906F281579}.Debug|Any CPU.Build.0 = Debug|Any CPU
		{14B79446-46DE-4D80-9942-E7906F281579}.Release|Any CPU.ActiveCfg = Release|Any CPU
		{14B79446-46DE-4D80-9942-E7906F281579}.Release|Any CPU.Build.0 = Release|Any CPU
	EndGlobalSection
	GlobalSection(SolutionProperties) = preSolution
		HideSolutionNode = FALSE
	EndGlobalSection
	GlobalSection(ExtensibilityGlobals) = postSolution
		SolutionGuid = {1B3C2C53-83AC-4AF9-842F-91160BD71DB5}
	EndGlobalSection
EndGlobal
